
Microsoft Visual Studio Solution File, Format Version 12.00
# Visual Studio Version 16
VisualStudioVersion = 16.0.30104.148
MinimumVisualStudioVersion = 10.0.40219.1
Project("{FAE04EC0-301F-11D3-BF4B-00C04F79EFBC}") = "VoteApplication", "VoteApplication\VoteApplication.csproj", "{4C6665D2-EF8F-468C-BECF-7F737B8DE215}"
EndProject
Global
	GlobalSection(SolutionConfigurationPlatforms) = preSolution
		Debug|Any CPU = Debug|Any CPU
		Release|Any CPU = Release|Any CPU
	EndGlobalSection
	GlobalSection(ProjectConfigurationPlatforms) = postSolution
		{4C6665D2-EF8F-468C-BECF-7F737B8DE215}.Debug|Any CPU.ActiveCfg = Debug|Any CPU
		{4C6665D2-EF8F-468C-BECF-7F737B8DE215}.Debug|Any CPU.Build.0 = Debug|Any CPU
		{4C6665D2-EF8F-468C-BECF-7F737B8DE215}.Release|Any CPU.ActiveCfg = Release|Any CPU
		{4C6665D2-EF8F-468C-BECF-7F737B8DE215}.Release|Any CPU.Build.0 = Release|Any CPU
	EndGlobalSection
	GlobalSection(SolutionProperties) = preSolution
		HideSolutionNode = FALSE
	EndGlobalSection
	GlobalSection(ExtensibilityGlobals) = postSolution
		SolutionGuid = {F23DC960-7D43-41E7-816B-92E248013F2F}
	EndGlobalSection
EndGlobal
